
Microsoft Visual Studio Solution File, Format Version 12.00
# Visual Studio Version 17
VisualStudioVersion = 17.9.34310.174
MinimumVisualStudioVersion = 10.0.40219.1
Project("{FAE04EC0-301F-11D3-BF4B-00C04F79EFBC}") = "Get.Current.User.Example", "Get.Current.User.Example\Get.Current.User.Example.csproj", "{AEC0BDAB-4454-4B4F-9EB3-2A1E39DCD5E0}"
EndProject
Global
	GlobalSection(SolutionConfigurationPlatforms) = preSolution
		Debug|Any CPU = Debug|Any CPU
		Release|Any CPU = Release|Any CPU
	EndGlobalSection
	GlobalSection(ProjectConfigurationPlatforms) = postSolution
		{AEC0BDAB-4454-4B4F-9EB3-2A1E39DCD5E0}.Debug|Any CPU.ActiveCfg = Debug|Any CPU
		{AEC0BDAB-4454-4B4F-9EB3-2A1E39DCD5E0}.Debug|Any CPU.Build.0 = Debug|Any CPU
		{AEC0BDAB-4454-4B4F-9EB3-2A1E39DCD5E0}.Release|Any CPU.ActiveCfg = Release|Any CPU
		{AEC0BDAB-4454-4B4F-9EB3-2A1E39DCD5E0}.Release|Any CPU.Build.0 = Release|Any CPU
	EndGlobalSection
	GlobalSection(SolutionProperties) = preSolution
		HideSolutionNode = FALSE
	EndGlobalSection
	GlobalSection(ExtensibilityGlobals) = postSolution
		SolutionGuid = {971A776E-8B5A-4F9F-AFC4-3A2B14756986}
	EndGlobalSection
EndGlobal
